
Microsoft Visual Studio Solution File, Format Version 12.00
# Visual Studio 15
VisualStudioVersion = 15.0.28307.757
MinimumVisualStudioVersion = 10.0.40219.1
Project("{FAE04EC0-301F-11D3-BF4B-00C04F79EFBC}") = "UpdateRecord", "LearnPlugin\UpdateRecord.csproj", "{C7191727-6C70-4099-8EB9-FB6869E70CCC}"
EndProject
Global
	GlobalSection(SolutionConfigurationPlatforms) = preSolution
		Debug|Any CPU = Debug|Any CPU
		Release|Any CPU = Release|Any CPU
	EndGlobalSection
	GlobalSection(ProjectConfigurationPlatforms) = postSolution
		{C7191727-6C70-4099-8EB9-FB6869E70CCC}.Debug|Any CPU.ActiveCfg = Debug|Any CPU
		{C7191727-6C70-4099-8EB9-FB6869E70CCC}.Debug|Any CPU.Build.0 = Debug|Any CPU
		{C7191727-6C70-4099-8EB9-FB6869E70CCC}.Release|Any CPU.ActiveCfg = Release|Any CPU
		{C7191727-6C70-4099-8EB9-FB6869E70CCC}.Release|Any CPU.Build.0 = Release|Any CPU
	EndGlobalSection
	GlobalSection(SolutionProperties) = preSolution
		HideSolutionNode = FALSE
	EndGlobalSection
	GlobalSection(ExtensibilityGlobals) = postSolution
		SolutionGuid = {057AC100-072C-4845-A030-23A01C5E2A46}
	EndGlobalSection
EndGlobal
